
Microsoft Visual Studio Solution File, Format Version 12.00
# Visual Studio Version 16
VisualStudioVersion = 16.0.31702.278
MinimumVisualStudioVersion = 10.0.40219.1
Project("{FAE04EC0-301F-11D3-BF4B-00C04F79EFBC}") = "ReflectioProject", "ReflectioProject.csproj", "{8BACFB43-512E-4D4D-926B-BF57CAE5223E}"
EndProject
Project("{FAE04EC0-301F-11D3-BF4B-00C04F79EFBC}") = "MSTectReflection", "..\MSTectReflection\MSTectReflection.csproj", "{5B1548A8-FBC6-4A59-A68C-A2469400E338}"
EndProject
Global
	GlobalSection(SolutionConfigurationPlatforms) = preSolution
		Debug|Any CPU = Debug|Any CPU
		Release|Any CPU = Release|Any CPU
	EndGlobalSection
	GlobalSection(ProjectConfigurationPlatforms) = postSolution
		{8BACFB43-512E-4D4D-926B-BF57CAE5223E}.Debug|Any CPU.ActiveCfg = Debug|Any CPU
		{8BACFB43-512E-4D4D-926B-BF57CAE5223E}.Debug|Any CPU.Build.0 = Debug|Any CPU
		{8BACFB43-512E-4D4D-926B-BF57CAE5223E}.Release|Any CPU.ActiveCfg = Release|Any CPU
		{8BACFB43-512E-4D4D-926B-BF57CAE5223E}.Release|Any CPU.Build.0 = Release|Any CPU
		{5B1548A8-FBC6-4A59-A68C-A2469400E338}.Debug|Any CPU.ActiveCfg = Debug|Any CPU
		{5B1548A8-FBC6-4A59-A68C-A2469400E338}.Debug|Any CPU.Build.0 = Debug|Any CPU
		{5B1548A8-FBC6-4A59-A68C-A2469400E338}.Release|Any CPU.ActiveCfg = Release|Any CPU
		{5B1548A8-FBC6-4A59-A68C-A2469400E338}.Release|Any CPU.Build.0 = Release|Any CPU
	EndGlobalSection
	GlobalSection(SolutionProperties) = preSolution
		HideSolutionNode = FALSE
	EndGlobalSection
	GlobalSection(ExtensibilityGlobals) = postSolution
		SolutionGuid = {B824C4A2-26CA-467D-BA56-C4AD2E6739B8}
	EndGlobalSection
EndGlobal
